# This file is automatically @generated by Cargo.
# It is not intended for manual editing.
version = 4

[[package]]
name = "nexus-cli"
version = "0.1.0"

[[package]]
name = "nexus-connectors-core"
version = "0.1.0"

[[package]]
name = "nexus-connectors-llm"
version = "0.1.0"

[[package]]
name = "nexus-connectors-messaging"
version = "0.1.0"

[[package]]
name = "nexus-connectors-social"
version = "0.1.0"

[[package]]
name = "nexus-connectors-web"
version = "0.1.0"

[[package]]
name = "nexus-kernel"
version = "0.1.0"

[[package]]
name = "nexus-workflows"
version = "0.1.0"
